
Microsoft Visual Studio Solution File, Format Version 12.00
# Visual Studio 15
VisualStudioVersion = 15.0.27703.2042
MinimumVisualStudioVersion = 10.0.40219.1
Project("{FAE04EC0-301F-11D3-BF4B-00C04F79EFBC}") = "FileScanner.Interfaces", "FileScanner.Interfaces\FileScanner.Interfaces.csproj", "{672F3935-F517-4692-BFF6-688BCF2EE8BC}"
EndProject
Project("{FAE04EC0-301F-11D3-BF4B-00C04F79EFBC}") = "FileScanner.Objects", "FileScanner.Objects\FileScanner.Objects.csproj", "{C99902EA-B3D4-4CFA-AB7F-DEC55F64B465}"
EndProject
Project("{FAE04EC0-301F-11D3-BF4B-00C04F79EFBC}") = "FileScanner.Testing", "FileScanner.Testing\FileScanner.Testing.csproj", "{7440DFB6-A0DE-4551-AB9B-BD26F0044DFE}"
EndProject
Project("{FAE04EC0-301F-11D3-BF4B-00C04F79EFBC}") = "FileScanner.IO", "FileScanner.IO\FileScanner.IO.csproj", "{970D99CB-5B0E-4C05-8E84-B284ABF0D749}"
EndProject
Global
	GlobalSection(SolutionConfigurationPlatforms) = preSolution
		Debug|Any CPU = Debug|Any CPU
		Release|Any CPU = Release|Any CPU
	EndGlobalSection
	GlobalSection(ProjectConfigurationPlatforms) = postSolution
		{672F3935-F517-4692-BFF6-688BCF2EE8BC}.Debug|Any CPU.ActiveCfg = Debug|Any CPU
		{672F3935-F517-4692-BFF6-688BCF2EE8BC}.Debug|Any CPU.Build.0 = Debug|Any CPU
		{672F3935-F517-4692-BFF6-688BCF2EE8BC}.Release|Any CPU.ActiveCfg = Release|Any CPU
		{672F3935-F517-4692-BFF6-688BCF2EE8BC}.Release|Any CPU.Build.0 = Release|Any CPU
		{C99902EA-B3D4-4CFA-AB7F-DEC55F64B465}.Debug|Any CPU.ActiveCfg = Debug|Any CPU
		{C99902EA-B3D4-4CFA-AB7F-DEC55F64B465}.Debug|Any CPU.Build.0 = Debug|Any CPU
		{C99902EA-B3D4-4CFA-AB7F-DEC55F64B465}.Release|Any CPU.ActiveCfg = Release|Any CPU
		{C99902EA-B3D4-4CFA-AB7F-DEC55F64B465}.Release|Any CPU.Build.0 = Release|Any CPU
		{7440DFB6-A0DE-4551-AB9B-BD26F0044DFE}.Debug|Any CPU.ActiveCfg = Debug|Any CPU
		{7440DFB6-A0DE-4551-AB9B-BD26F0044DFE}.Debug|Any CPU.Build.0 = Debug|Any CPU
		{7440DFB6-A0DE-4551-AB9B-BD26F0044DFE}.Release|Any CPU.ActiveCfg = Release|Any CPU
		{7440DFB6-A0DE-4551-AB9B-BD26F0044DFE}.Release|Any CPU.Build.0 = Release|Any CPU
		{970D99CB-5B0E-4C05-8E84-B284ABF0D749}.Debug|Any CPU.ActiveCfg = Debug|Any CPU
		{970D99CB-5B0E-4C05-8E84-B284ABF0D749}.Debug|Any CPU.Build.0 = Debug|Any CPU
		{970D99CB-5B0E-4C05-8E84-B284ABF0D749}.Release|Any CPU.ActiveCfg = Release|Any CPU
		{970D99CB-5B0E-4C05-8E84-B284ABF0D749}.Release|Any CPU.Build.0 = Release|Any CPU
	EndGlobalSection
	GlobalSection(SolutionProperties) = preSolution
		HideSolutionNode = FALSE
	EndGlobalSection
	GlobalSection(ExtensibilityGlobals) = postSolution
		SolutionGuid = {A2929216-D561-4A32-ABBC-CF96DA6BD530}
	EndGlobalSection
EndGlobal
